
Microsoft Visual Studio Solution File, Format Version 12.00
# Visual Studio Version 17
VisualStudioVersion = 17.2.32602.215
MinimumVisualStudioVersion = 10.0.40219.1
Project("{9A19103F-16F7-4668-BE54-9A1E7A4F7556}") = "BelsisHarita.Entities", "BelsisHarita.Entities\BelsisHarita.Entities.csproj", "{5AD8FC31-B279-47D1-8C37-4BDD4017573E}"
EndProject
Project("{9A19103F-16F7-4668-BE54-9A1E7A4F7556}") = "BelsisHarita.DataAccess", "BelsisHarita.DataAccess\BelsisHarita.DataAccess.csproj", "{535C649A-EA3B-4C1F-85B5-27D0702B516B}"
EndProject
Project("{9A19103F-16F7-4668-BE54-9A1E7A4F7556}") = "BelsisHarita.Web", "BelsisHarita.Web\BelsisHarita.Web.csproj", "{3976F422-D425-4179-B932-B886A96BBA09}"
EndProject
Global
	GlobalSection(SolutionConfigurationPlatforms) = preSolution
		Debug|Any CPU = Debug|Any CPU
		Release|Any CPU = Release|Any CPU
	EndGlobalSection
	GlobalSection(ProjectConfigurationPlatforms) = postSolution
		{5AD8FC31-B279-47D1-8C37-4BDD4017573E}.Debug|Any CPU.ActiveCfg = Debug|Any CPU
		{5AD8FC31-B279-47D1-8C37-4BDD4017573E}.Debug|Any CPU.Build.0 = Debug|Any CPU
		{5AD8FC31-B279-47D1-8C37-4BDD4017573E}.Release|Any CPU.ActiveCfg = Release|Any CPU
		{5AD8FC31-B279-47D1-8C37-4BDD4017573E}.Release|Any CPU.Build.0 = Release|Any CPU
		{535C649A-EA3B-4C1F-85B5-27D0702B516B}.Debug|Any CPU.ActiveCfg = Debug|Any CPU
		{535C649A-EA3B-4C1F-85B5-27D0702B516B}.Debug|Any CPU.Build.0 = Debug|Any CPU
		{535C649A-EA3B-4C1F-85B5-27D0702B516B}.Release|Any CPU.ActiveCfg = Release|Any CPU
		{535C649A-EA3B-4C1F-85B5-27D0702B516B}.Release|Any CPU.Build.0 = Release|Any CPU
		{3976F422-D425-4179-B932-B886A96BBA09}.Debug|Any CPU.ActiveCfg = Debug|Any CPU
		{3976F422-D425-4179-B932-B886A96BBA09}.Debug|Any CPU.Build.0 = Debug|Any CPU
		{3976F422-D425-4179-B932-B886A96BBA09}.Release|Any CPU.ActiveCfg = Release|Any CPU
		{3976F422-D425-4179-B932-B886A96BBA09}.Release|Any CPU.Build.0 = Release|Any CPU
	EndGlobalSection
	GlobalSection(SolutionProperties) = preSolution
		HideSolutionNode = FALSE
	EndGlobalSection
	GlobalSection(ExtensibilityGlobals) = postSolution
		SolutionGuid = {3571DEF2-2DE6-4957-B93C-0D5A07F51B3F}
	EndGlobalSection
EndGlobal
